
Microsoft Visual Studio Solution File, Format Version 12.00
# Visual Studio Version 17
VisualStudioVersion = 17.8.34525.116
MinimumVisualStudioVersion = 10.0.40219.1
Project("{FAE04EC0-301F-11D3-BF4B-00C04F79EFBC}") = "conversaoExplicita", "conversaoExplicita.csproj", "{2D53B0F5-848F-42B2-942F-4040A0D6A320}"
EndProject
Global
	GlobalSection(SolutionConfigurationPlatforms) = preSolution
		Debug|Any CPU = Debug|Any CPU
		Release|Any CPU = Release|Any CPU
	EndGlobalSection
	GlobalSection(ProjectConfigurationPlatforms) = postSolution
		{2D53B0F5-848F-42B2-942F-4040A0D6A320}.Debug|Any CPU.ActiveCfg = Debug|Any CPU
		{2D53B0F5-848F-42B2-942F-4040A0D6A320}.Debug|Any CPU.Build.0 = Debug|Any CPU
		{2D53B0F5-848F-42B2-942F-4040A0D6A320}.Release|Any CPU.ActiveCfg = Release|Any CPU
		{2D53B0F5-848F-42B2-942F-4040A0D6A320}.Release|Any CPU.Build.0 = Release|Any CPU
	EndGlobalSection
	GlobalSection(SolutionProperties) = preSolution
		HideSolutionNode = FALSE
	EndGlobalSection
	GlobalSection(ExtensibilityGlobals) = postSolution
		SolutionGuid = {26CEF80E-D08D-4CEB-BDB1-DBB9AC7C3342}
	EndGlobalSection
EndGlobal
