
Microsoft Visual Studio Solution File, Format Version 12.00
# Visual Studio Version 17
VisualStudioVersion = 17.8.34525.116
MinimumVisualStudioVersion = 10.0.40219.1
Project("{FAE04EC0-301F-11D3-BF4B-00C04F79EFBC}") = "switchCase", "switchCase.csproj", "{C84EDE44-B96F-4C43-84FC-46E622510EBD}"
EndProject
Global
	GlobalSection(SolutionConfigurationPlatforms) = preSolution
		Debug|Any CPU = Debug|Any CPU
		Release|Any CPU = Release|Any CPU
	EndGlobalSection
	GlobalSection(ProjectConfigurationPlatforms) = postSolution
		{C84EDE44-B96F-4C43-84FC-46E622510EBD}.Debug|Any CPU.ActiveCfg = Debug|Any CPU
		{C84EDE44-B96F-4C43-84FC-46E622510EBD}.Debug|Any CPU.Build.0 = Debug|Any CPU
		{C84EDE44-B96F-4C43-84FC-46E622510EBD}.Release|Any CPU.ActiveCfg = Release|Any CPU
		{C84EDE44-B96F-4C43-84FC-46E622510EBD}.Release|Any CPU.Build.0 = Release|Any CPU
	EndGlobalSection
	GlobalSection(SolutionProperties) = preSolution
		HideSolutionNode = FALSE
	EndGlobalSection
	GlobalSection(ExtensibilityGlobals) = postSolution
		SolutionGuid = {C83611D1-139D-4E68-86B1-DC0EDE9B2555}
	EndGlobalSection
EndGlobal
