
Microsoft Visual Studio Solution File, Format Version 12.00
# Visual Studio Version 17
VisualStudioVersion = 17.8.34525.116
MinimumVisualStudioVersion = 10.0.40219.1
Project("{FAE04EC0-301F-11D3-BF4B-00C04F79EFBC}") = "repeticaoFor", "repeticaoFor.csproj", "{2373D01D-BA14-4F9D-A82F-992B0B1356EF}"
EndProject
Global
	GlobalSection(SolutionConfigurationPlatforms) = preSolution
		Debug|Any CPU = Debug|Any CPU
		Release|Any CPU = Release|Any CPU
	EndGlobalSection
	GlobalSection(ProjectConfigurationPlatforms) = postSolution
		{2373D01D-BA14-4F9D-A82F-992B0B1356EF}.Debug|Any CPU.ActiveCfg = Debug|Any CPU
		{2373D01D-BA14-4F9D-A82F-992B0B1356EF}.Debug|Any CPU.Build.0 = Debug|Any CPU
		{2373D01D-BA14-4F9D-A82F-992B0B1356EF}.Release|Any CPU.ActiveCfg = Release|Any CPU
		{2373D01D-BA14-4F9D-A82F-992B0B1356EF}.Release|Any CPU.Build.0 = Release|Any CPU
	EndGlobalSection
	GlobalSection(SolutionProperties) = preSolution
		HideSolutionNode = FALSE
	EndGlobalSection
	GlobalSection(ExtensibilityGlobals) = postSolution
		SolutionGuid = {4F126F0C-5A08-453A-A04F-0429E3C2C905}
	EndGlobalSection
EndGlobal
