
Microsoft Visual Studio Solution File, Format Version 12.00
# Visual Studio Version 17
VisualStudioVersion = 17.8.34525.116
MinimumVisualStudioVersion = 10.0.40219.1
Project("{FAE04EC0-301F-11D3-BF4B-00C04F79EFBC}") = "decrementoIncremento", "decrementoIncremento.csproj", "{15096719-605B-4803-A1E3-08984C3E1F6E}"
EndProject
Global
	GlobalSection(SolutionConfigurationPlatforms) = preSolution
		Debug|Any CPU = Debug|Any CPU
		Release|Any CPU = Release|Any CPU
	EndGlobalSection
	GlobalSection(ProjectConfigurationPlatforms) = postSolution
		{15096719-605B-4803-A1E3-08984C3E1F6E}.Debug|Any CPU.ActiveCfg = Debug|Any CPU
		{15096719-605B-4803-A1E3-08984C3E1F6E}.Debug|Any CPU.Build.0 = Debug|Any CPU
		{15096719-605B-4803-A1E3-08984C3E1F6E}.Release|Any CPU.ActiveCfg = Release|Any CPU
		{15096719-605B-4803-A1E3-08984C3E1F6E}.Release|Any CPU.Build.0 = Release|Any CPU
	EndGlobalSection
	GlobalSection(SolutionProperties) = preSolution
		HideSolutionNode = FALSE
	EndGlobalSection
	GlobalSection(ExtensibilityGlobals) = postSolution
		SolutionGuid = {7E975BD3-ED1E-4E7C-8EA0-7AC4FEBBF3B8}
	EndGlobalSection
EndGlobal
