
Microsoft Visual Studio Solution File, Format Version 12.00
# Visual Studio Version 17
VisualStudioVersion = 17.8.34525.116
MinimumVisualStudioVersion = 10.0.40219.1
Project("{FAE04EC0-301F-11D3-BF4B-00C04F79EFBC}") = "calculadora", "calculadora.csproj", "{10CCBC0C-51B0-44FA-A4D1-670069BB5E93}"
EndProject
Global
	GlobalSection(SolutionConfigurationPlatforms) = preSolution
		Debug|Any CPU = Debug|Any CPU
		Release|Any CPU = Release|Any CPU
	EndGlobalSection
	GlobalSection(ProjectConfigurationPlatforms) = postSolution
		{10CCBC0C-51B0-44FA-A4D1-670069BB5E93}.Debug|Any CPU.ActiveCfg = Debug|Any CPU
		{10CCBC0C-51B0-44FA-A4D1-670069BB5E93}.Debug|Any CPU.Build.0 = Debug|Any CPU
		{10CCBC0C-51B0-44FA-A4D1-670069BB5E93}.Release|Any CPU.ActiveCfg = Release|Any CPU
		{10CCBC0C-51B0-44FA-A4D1-670069BB5E93}.Release|Any CPU.Build.0 = Release|Any CPU
	EndGlobalSection
	GlobalSection(SolutionProperties) = preSolution
		HideSolutionNode = FALSE
	EndGlobalSection
	GlobalSection(ExtensibilityGlobals) = postSolution
		SolutionGuid = {B27EAAD5-BC26-459B-9087-7DC9F67B095E}
	EndGlobalSection
EndGlobal
